Microsoft Visual Studio Solution File, Format Version 12.00
# Visual Studio Version 17
VisualStudioVersion = 17.5.2.0
MinimumVisualStudioVersion = 10.0.40219.1
Project("{FAE04EC0-301F-11D3-BF4B-00C04F79EFBC}") = "ApiClient", "ApiClient.csproj", "{1DDDEF37-0FFF-A2AD-BDE0-7A5614BED52E}"
EndProject
Global
	GlobalSection(SolutionConfigurationPlatforms) = preSolution
		Debug|Any CPU = Debug|Any CPU
		Release|Any CPU = Release|Any CPU
	EndGlobalSection
	GlobalSection(ProjectConfigurationPlatforms) = postSolution
		{1DDDEF37-0FFF-A2AD-BDE0-7A5614BED52E}.Debug|Any CPU.ActiveCfg = Debug|Any CPU
		{1DDDEF37-0FFF-A2AD-BDE0-7A5614BED52E}.Debug|Any CPU.Build.0 = Debug|Any CPU
		{1DDDEF37-0FFF-A2AD-BDE0-7A5614BED52E}.Release|Any CPU.ActiveCfg = Release|Any CPU
		{1DDDEF37-0FFF-A2AD-BDE0-7A5614BED52E}.Release|Any CPU.Build.0 = Release|Any CPU
	EndGlobalSection
	GlobalSection(SolutionProperties) = preSolution
		HideSolutionNode = FALSE
	EndGlobalSection
	GlobalSection(ExtensibilityGlobals) = postSolution
		SolutionGuid = {36FF34B6-4D16-4933-A9E5-E823A14A48CD}
	EndGlobalSection
EndGlobal
